
Microsoft Visual Studio Solution File, Format Version 12.00
# Visual Studio Version 17
VisualStudioVersion = 17.4.33122.133
MinimumVisualStudioVersion = 10.0.40219.1
Project("{FAE04EC0-301F-11D3-BF4B-00C04F79EFBC}") = "Business", "Business\Business.csproj", "{F78523A7-69EB-49E7-889B-7E7CFE58CD9D}"
EndProject
Project("{FAE04EC0-301F-11D3-BF4B-00C04F79EFBC}") = "Core", "Core\Core.csproj", "{75089174-27BB-446B-A091-5B0B2B8E7001}"
EndProject
Project("{FAE04EC0-301F-11D3-BF4B-00C04F79EFBC}") = "Entities", "Entities\Entities.csproj", "{7E4CB123-E0B7-4B9D-896D-0C44CDAAE60A}"
EndProject
Project("{FAE04EC0-301F-11D3-BF4B-00C04F79EFBC}") = "DataAccess", "DataAccess\DataAccess.csproj", "{FB9A9232-D0D7-43EE-9E06-B49D74683AA9}"
EndProject
Project("{FAE04EC0-301F-11D3-BF4B-00C04F79EFBC}") = "WebAPI", "WebAPI\WebAPI.csproj", "{18085D71-C3B5-4A0C-BB2A-8DAA8C5DAEA4}"
EndProject
Global
	GlobalSection(SolutionConfigurationPlatforms) = preSolution
		Debug|Any CPU = Debug|Any CPU
		Release|Any CPU = Release|Any CPU
	EndGlobalSection
	GlobalSection(ProjectConfigurationPlatforms) = postSolution
		{F78523A7-69EB-49E7-889B-7E7CFE58CD9D}.Debug|Any CPU.ActiveCfg = Debug|Any CPU
		{F78523A7-69EB-49E7-889B-7E7CFE58CD9D}.Debug|Any CPU.Build.0 = Debug|Any CPU
		{F78523A7-69EB-49E7-889B-7E7CFE58CD9D}.Release|Any CPU.ActiveCfg = Release|Any CPU
		{F78523A7-69EB-49E7-889B-7E7CFE58CD9D}.Release|Any CPU.Build.0 = Release|Any CPU
		{75089174-27BB-446B-A091-5B0B2B8E7001}.Debug|Any CPU.ActiveCfg = Debug|Any CPU
		{75089174-27BB-446B-A091-5B0B2B8E7001}.Debug|Any CPU.Build.0 = Debug|Any CPU
		{75089174-27BB-446B-A091-5B0B2B8E7001}.Release|Any CPU.ActiveCfg = Release|Any CPU
		{75089174-27BB-446B-A091-5B0B2B8E7001}.Release|Any CPU.Build.0 = Release|Any CPU
		{7E4CB123-E0B7-4B9D-896D-0C44CDAAE60A}.Debug|Any CPU.ActiveCfg = Debug|Any CPU
		{7E4CB123-E0B7-4B9D-896D-0C44CDAAE60A}.Debug|Any CPU.Build.0 = Debug|Any CPU
		{7E4CB123-E0B7-4B9D-896D-0C44CDAAE60A}.Release|Any CPU.ActiveCfg = Release|Any CPU
		{7E4CB123-E0B7-4B9D-896D-0C44CDAAE60A}.Release|Any CPU.Build.0 = Release|Any CPU
		{FB9A9232-D0D7-43EE-9E06-B49D74683AA9}.Debug|Any CPU.ActiveCfg = Debug|Any CPU
		{FB9A9232-D0D7-43EE-9E06-B49D74683AA9}.Debug|Any CPU.Build.0 = Debug|Any CPU
		{FB9A9232-D0D7-43EE-9E06-B49D74683AA9}.Release|Any CPU.ActiveCfg = Release|Any CPU
		{FB9A9232-D0D7-43EE-9E06-B49D74683AA9}.Release|Any CPU.Build.0 = Release|Any CPU
		{18085D71-C3B5-4A0C-BB2A-8DAA8C5DAEA4}.Debug|Any CPU.ActiveCfg = Debug|Any CPU
		{18085D71-C3B5-4A0C-BB2A-8DAA8C5DAEA4}.Debug|Any CPU.Build.0 = Debug|Any CPU
		{18085D71-C3B5-4A0C-BB2A-8DAA8C5DAEA4}.Release|Any CPU.ActiveCfg = Release|Any CPU
		{18085D71-C3B5-4A0C-BB2A-8DAA8C5DAEA4}.Release|Any CPU.Build.0 = Release|Any CPU
	EndGlobalSection
	GlobalSection(SolutionProperties) = preSolution
		HideSolutionNode = FALSE
	EndGlobalSection
	GlobalSection(ExtensibilityGlobals) = postSolution
		SolutionGuid = {AD5103E1-DF4F-468F-9EA1-FE408BF355CF}
	EndGlobalSection
EndGlobal
