
Microsoft Visual Studio Solution File, Format Version 12.00
# Visual Studio Version 17
VisualStudioVersion = 17.4.33122.133
MinimumVisualStudioVersion = 10.0.40219.1
Project("{FAE04EC0-301F-11D3-BF4B-00C04F79EFBC}") = "Business", "Business\Business.csproj", "{4C8A7ECE-76D6-4EBB-8D8A-10980E08E65E}"
EndProject
Project("{FAE04EC0-301F-11D3-BF4B-00C04F79EFBC}") = "Core", "Core\Core.csproj", "{79B634FF-F2AD-42C0-86F0-0A8586B51C2C}"
EndProject
Project("{FAE04EC0-301F-11D3-BF4B-00C04F79EFBC}") = "DataAccess", "DataAccess\DataAccess.csproj", "{D3BE88F0-0F2C-4541-BE6D-00A9BFE069D2}"
EndProject
Project("{FAE04EC0-301F-11D3-BF4B-00C04F79EFBC}") = "Entities", "Entities\Entities.csproj", "{920062FD-61DA-45D5-9155-D1F0CD7F3571}"
EndProject
Project("{FAE04EC0-301F-11D3-BF4B-00C04F79EFBC}") = "WebAPI", "WebAPI\WebAPI.csproj", "{0FBB15EC-7166-4B5B-8B70-0BF7A75A1257}"
EndProject
Global
	GlobalSection(SolutionConfigurationPlatforms) = preSolution
		Debug|Any CPU = Debug|Any CPU
		Release|Any CPU = Release|Any CPU
	EndGlobalSection
	GlobalSection(ProjectConfigurationPlatforms) = postSolution
		{4C8A7ECE-76D6-4EBB-8D8A-10980E08E65E}.Debug|Any CPU.ActiveCfg = Debug|Any CPU
		{4C8A7ECE-76D6-4EBB-8D8A-10980E08E65E}.Debug|Any CPU.Build.0 = Debug|Any CPU
		{4C8A7ECE-76D6-4EBB-8D8A-10980E08E65E}.Release|Any CPU.ActiveCfg = Release|Any CPU
		{4C8A7ECE-76D6-4EBB-8D8A-10980E08E65E}.Release|Any CPU.Build.0 = Release|Any CPU
		{79B634FF-F2AD-42C0-86F0-0A8586B51C2C}.Debug|Any CPU.ActiveCfg = Debug|Any CPU
		{79B634FF-F2AD-42C0-86F0-0A8586B51C2C}.Debug|Any CPU.Build.0 = Debug|Any CPU
		{79B634FF-F2AD-42C0-86F0-0A8586B51C2C}.Release|Any CPU.ActiveCfg = Release|Any CPU
		{79B634FF-F2AD-42C0-86F0-0A8586B51C2C}.Release|Any CPU.Build.0 = Release|Any CPU
		{D3BE88F0-0F2C-4541-BE6D-00A9BFE069D2}.Debug|Any CPU.ActiveCfg = Debug|Any CPU
		{D3BE88F0-0F2C-4541-BE6D-00A9BFE069D2}.Debug|Any CPU.Build.0 = Debug|Any CPU
		{D3BE88F0-0F2C-4541-BE6D-00A9BFE069D2}.Release|Any CPU.ActiveCfg = Release|Any CPU
		{D3BE88F0-0F2C-4541-BE6D-00A9BFE069D2}.Release|Any CPU.Build.0 = Release|Any CPU
		{920062FD-61DA-45D5-9155-D1F0CD7F3571}.Debug|Any CPU.ActiveCfg = Debug|Any CPU
		{920062FD-61DA-45D5-9155-D1F0CD7F3571}.Debug|Any CPU.Build.0 = Debug|Any CPU
		{920062FD-61DA-45D5-9155-D1F0CD7F3571}.Release|Any CPU.ActiveCfg = Release|Any CPU
		{920062FD-61DA-45D5-9155-D1F0CD7F3571}.Release|Any CPU.Build.0 = Release|Any CPU
		{0FBB15EC-7166-4B5B-8B70-0BF7A75A1257}.Debug|Any CPU.ActiveCfg = Debug|Any CPU
		{0FBB15EC-7166-4B5B-8B70-0BF7A75A1257}.Debug|Any CPU.Build.0 = Debug|Any CPU
		{0FBB15EC-7166-4B5B-8B70-0BF7A75A1257}.Release|Any CPU.ActiveCfg = Release|Any CPU
		{0FBB15EC-7166-4B5B-8B70-0BF7A75A1257}.Release|Any CPU.Build.0 = Release|Any CPU
	EndGlobalSection
	GlobalSection(SolutionProperties) = preSolution
		HideSolutionNode = FALSE
	EndGlobalSection
	GlobalSection(ExtensibilityGlobals) = postSolution
		SolutionGuid = {317A71E5-086A-4F99-BF46-89AF304A3F42}
	EndGlobalSection
EndGlobal
